
Microsoft Visual Studio Solution File, Format Version 12.00
# Visual Studio 15
VisualStudioVersion = 15.0.28010.2036
MinimumVisualStudioVersion = 10.0.40219.1
Project("{FAE04EC0-301F-11D3-BF4B-00C04F79EFBC}") = "1611030057付成杰", "1611030057付成杰\1611030057付成杰.csproj", "{7F214988-226B-4A6F-88F5-DE076CBD392C}"
EndProject
Project("{54435603-DBB4-11D2-8724-00A0C9A8B90C}") = "超市进销存", "超市进销存\超市进销存.vdproj", "{37B49F60-AAFB-4DC3-8596-F3B9C689A214}"
EndProject
Global
	GlobalSection(SolutionConfigurationPlatforms) = preSolution
		Debug|Any CPU = Debug|Any CPU
		Release|Any CPU = Release|Any CPU
	EndGlobalSection
	GlobalSection(ProjectConfigurationPlatforms) = postSolution
		{7F214988-226B-4A6F-88F5-DE076CBD392C}.Debug|Any CPU.ActiveCfg = Debug|Any CPU
		{7F214988-226B-4A6F-88F5-DE076CBD392C}.Debug|Any CPU.Build.0 = Debug|Any CPU
		{7F214988-226B-4A6F-88F5-DE076CBD392C}.Release|Any CPU.ActiveCfg = Release|Any CPU
		{7F214988-226B-4A6F-88F5-DE076CBD392C}.Release|Any CPU.Build.0 = Release|Any CPU
		{37B49F60-AAFB-4DC3-8596-F3B9C689A214}.Debug|Any CPU.ActiveCfg = Debug
		{37B49F60-AAFB-4DC3-8596-F3B9C689A214}.Release|Any CPU.ActiveCfg = Release
	EndGlobalSection
	GlobalSection(SolutionProperties) = preSolution
		HideSolutionNode = FALSE
	EndGlobalSection
	GlobalSection(ExtensibilityGlobals) = postSolution
		SolutionGuid = {3BBEAB7E-95E1-4909-A0D3-6AB010136999}
	EndGlobalSection
EndGlobal
